
Microsoft Visual Studio Solution File, Format Version 12.00
# Visual Studio 2012
Project("{FAE04EC0-301F-11D3-BF4B-00C04F79EFBC}") = "SMS", "SMS\SMS.csproj", "{A9C9A57C-47D5-4206-9DFF-B9B17F4C2010}"
EndProject
Project("{FAE04EC0-301F-11D3-BF4B-00C04F79EFBC}") = "SMS_BL", "SMS_BL\SMS_BL.csproj", "{AB658A23-C854-4CE1-A4E6-B85F8E912C6B}"
EndProject
Project("{FAE04EC0-301F-11D3-BF4B-00C04F79EFBC}") = "SMS_DL", "SMS_DL\SMS_DL.csproj", "{039B8C30-836F-402D-9749-DBFA2180453E}"
EndProject
Project("{FAE04EC0-301F-11D3-BF4B-00C04F79EFBC}") = "SMS_Entity", "SMS_Entity\SMS_Entity.csproj", "{81EA2EBF-EA49-4233-94D4-A7A396C506AB}"
EndProject
Project("{FAE04EC0-301F-11D3-BF4B-00C04F79EFBC}") = "WaitWnd", "WaitWnd\WaitWnd.csproj", "{A36149B7-3811-451B-9097-74A66D255A5B}"
EndProject
Project("{2150E333-8FDC-42A3-9474-1A3956D46DE8}") = ".nuget", ".nuget", "{3C062A3E-DD21-4B17-AF93-83860A63603B}"
	ProjectSection(SolutionItems) = preProject
		.nuget\NuGet.Config = .nuget\NuGet.Config
		.nuget\NuGet.exe = .nuget\NuGet.exe
		.nuget\NuGet.targets = .nuget\NuGet.targets
	EndProjectSection
EndProject
Project("{FAE04EC0-301F-11D3-BF4B-00C04F79EFBC}") = "Sugoraku_Shohinkanri_Import", "Sugoraku_Shohinkanri_Import\Sugoraku_Shohinkanri_Import.csproj", "{379BBDC5-AA8D-45CC-9495-406DA70AF95E}"
EndProject
Project("{FAE04EC0-301F-11D3-BF4B-00C04F79EFBC}") = "PSKS0115B_1", "PSKS0115B_1\PSKS0115B_1.csproj", "{8753CA80-5FFC-4674-994E-EEE729305DE3}"
EndProject
Project("{FAE04EC0-301F-11D3-BF4B-00C04F79EFBC}") = "PSKS0115B_2", "PSKS0115B_2\PSKS0115B_2.csproj", "{319CCA66-0D30-4266-A1DF-FDDC88611513}"
EndProject
Project("{FAE04EC0-301F-11D3-BF4B-00C04F79EFBC}") = "PSKS0112B", "PSKS0112B\PSKS0112B.csproj", "{47A25A36-B957-4DD2-A64A-25EAE9B1C181}"
EndProject
Project("{FAE04EC0-301F-11D3-BF4B-00C04F79EFBC}") = "PSKS0106B", "PSKS0106B\PSKS0106B.csproj", "{2CF175FE-A6FC-4ACC-9B4F-5EEFF5778AB5}"
EndProject
Project("{FAE04EC0-301F-11D3-BF4B-00C04F79EFBC}") = "CSVDownload", "CSVDownload\CSVDownload.csproj", "{3735DD3C-518F-4C3C-9F54-83B14445D898}"
EndProject
Project("{FAE04EC0-301F-11D3-BF4B-00C04F79EFBC}") = "PSKS0107B", "PSKS0107B\PSKS0107B.csproj", "{835BE3C4-21B2-4CEB-AB6C-791CE56CDB3E}"
EndProject
Project("{FAE04EC0-301F-11D3-BF4B-00C04F79EFBC}") = "PSKS0113B_1", "PSKS0113B_1\PSKS0113B_1.csproj", "{1CE6E6E7-1142-49BC-A6CA-82E42A99E798}"
EndProject
Project("{FAE04EC0-301F-11D3-BF4B-00C04F79EFBC}") = "PSKS0117B", "PSKS0117B\PSKS0117B.csproj", "{D74EA166-B39B-4E88-9D2C-413F9EC3860E}"
EndProject
Project("{FAE04EC0-301F-11D3-BF4B-00C04F79EFBC}") = "PSKS0118B", "PSKS0118B\PSKS0118B.csproj", "{32765909-483E-42B1-AA73-05FC719540DF}"
EndProject
Project("{FAE04EC0-301F-11D3-BF4B-00C04F79EFBC}") = "Sugoraku_Shohinkanri_Import_Console", "Sugoraku_Shohinkanri_Import_Console\Sugoraku_Shohinkanri_Import_Console.csproj", "{372493B4-36DF-49F9-893C-967E9A3326A8}"
EndProject
Project("{FAE04EC0-301F-11D3-BF4B-00C04F79EFBC}") = "CKM_Controls", "CKM_Controls\CKM_Controls\CKM_Controls.csproj", "{472A8D76-1CE3-430E-89FE-373D2F6B1031}"
EndProject
Project("{FAE04EC0-301F-11D3-BF4B-00C04F79EFBC}") = "SMS_DB_Backup", "SMS_DB_Backup\SMS_DB_Backup.csproj", "{33BA60A4-84A1-4C35-BDD9-1AE81CCA9151}"
EndProject
Global
	GlobalSection(SourceCodeControl) = preSolution
		SccNumberOfProjects = 19
		SccLocalPath0 = .
		SccProjectUniqueName1 = CKM_Controls\\CKM_Controls\\CKM_Controls.csproj
		SccLocalPath1 = .
		SccProjectFilePathRelativizedFromConnection1 = CKM_Controls\\CKM_Controls\\
		SccProjectUniqueName2 = CSVDownload\\CSVDownload.csproj
		SccLocalPath2 = .
		SccProjectFilePathRelativizedFromConnection2 = CSVDownload\\
		SccProjectUniqueName3 = PSKS0106B\\PSKS0106B.csproj
		SccLocalPath3 = .
		SccProjectFilePathRelativizedFromConnection3 = PSKS0106B\\
		SccProjectUniqueName4 = PSKS0107B\\PSKS0107B.csproj
		SccLocalPath4 = .
		SccProjectFilePathRelativizedFromConnection4 = PSKS0107B\\
		SccProjectUniqueName5 = PSKS0112B\\PSKS0112B.csproj
		SccLocalPath5 = .
		SccProjectFilePathRelativizedFromConnection5 = PSKS0112B\\
		SccProjectUniqueName6 = PSKS0113B_1\\PSKS0113B_1.csproj
		SccLocalPath6 = .
		SccProjectFilePathRelativizedFromConnection6 = PSKS0113B_1\\
		SccProjectUniqueName7 = PSKS0115B_1\\PSKS0115B_1.csproj
		SccLocalPath7 = .
		SccProjectFilePathRelativizedFromConnection7 = PSKS0115B_1\\
		SccProjectUniqueName8 = PSKS0115B_2\\PSKS0115B_2.csproj
		SccLocalPath8 = .
		SccProjectFilePathRelativizedFromConnection8 = PSKS0115B_2\\
		SccProjectUniqueName9 = PSKS0117B\\PSKS0117B.csproj
		SccLocalPath9 = .
		SccProjectFilePathRelativizedFromConnection9 = PSKS0117B\\
		SccProjectUniqueName10 = PSKS0118B\\PSKS0118B.csproj
		SccLocalPath10 = .
		SccProjectFilePathRelativizedFromConnection10 = PSKS0118B\\
		SccProjectUniqueName11 = SMS\\SMS.csproj
		SccLocalPath11 = .
		SccProjectFilePathRelativizedFromConnection11 = SMS\\
		SccProjectUniqueName12 = SMS_BL\\SMS_BL.csproj
		SccLocalPath12 = .
		SccProjectFilePathRelativizedFromConnection12 = SMS_BL\\
		SccProjectUniqueName13 = SMS_DL\\SMS_DL.csproj
		SccLocalPath13 = .
		SccProjectFilePathRelativizedFromConnection13 = SMS_DL\\
		SccProjectUniqueName14 = SMS_Entity\\SMS_Entity.csproj
		SccLocalPath14 = .
		SccProjectFilePathRelativizedFromConnection14 = SMS_Entity\\
		SccProjectUniqueName15 = Sugoraku_Shohinkanri_Import\\Sugoraku_Shohinkanri_Import.csproj
		SccLocalPath15 = .
		SccProjectFilePathRelativizedFromConnection15 = Sugoraku_Shohinkanri_Import\\
		SccProjectUniqueName16 = Sugoraku_Shohinkanri_Import_Console\\Sugoraku_Shohinkanri_Import_Console.csproj
		SccLocalPath16 = .
		SccProjectFilePathRelativizedFromConnection16 = Sugoraku_Shohinkanri_Import_Console\\
		SccProjectUniqueName17 = WaitWnd\\WaitWnd.csproj
		SccLocalPath17 = .
		SccProjectFilePathRelativizedFromConnection17 = WaitWnd\\
		SccProjectUniqueName18 = SMS_DB_Backup\\SMS_DB_Backup.csproj
		SccLocalPath18 = .
		SccProjectFilePathRelativizedFromConnection18 = SMS_DB_Backup\\
	EndGlobalSection
	GlobalSection(SolutionConfigurationPlatforms) = preSolution
		Debug|Any CPU = Debug|Any CPU
		Release|Any CPU = Release|Any CPU
	EndGlobalSection
	GlobalSection(ProjectConfigurationPlatforms) = postSolution
		{A9C9A57C-47D5-4206-9DFF-B9B17F4C2010}.Debug|Any CPU.ActiveCfg = Debug|Any CPU
		{A9C9A57C-47D5-4206-9DFF-B9B17F4C2010}.Debug|Any CPU.Build.0 = Debug|Any CPU
		{A9C9A57C-47D5-4206-9DFF-B9B17F4C2010}.Release|Any CPU.ActiveCfg = Release|Any CPU
		{A9C9A57C-47D5-4206-9DFF-B9B17F4C2010}.Release|Any CPU.Build.0 = Release|Any CPU
		{AB658A23-C854-4CE1-A4E6-B85F8E912C6B}.Debug|Any CPU.ActiveCfg = Debug|Any CPU
		{AB658A23-C854-4CE1-A4E6-B85F8E912C6B}.Debug|Any CPU.Build.0 = Debug|Any CPU
		{AB658A23-C854-4CE1-A4E6-B85F8E912C6B}.Release|Any CPU.ActiveCfg = Release|Any CPU
		{AB658A23-C854-4CE1-A4E6-B85F8E912C6B}.Release|Any CPU.Build.0 = Release|Any CPU
		{039B8C30-836F-402D-9749-DBFA2180453E}.Debug|Any CPU.ActiveCfg = Debug|Any CPU
		{039B8C30-836F-402D-9749-DBFA2180453E}.Debug|Any CPU.Build.0 = Debug|Any CPU
		{039B8C30-836F-402D-9749-DBFA2180453E}.Release|Any CPU.ActiveCfg = Release|Any CPU
		{039B8C30-836F-402D-9749-DBFA2180453E}.Release|Any CPU.Build.0 = Release|Any CPU
		{81EA2EBF-EA49-4233-94D4-A7A396C506AB}.Debug|Any CPU.ActiveCfg = Debug|Any CPU
		{81EA2EBF-EA49-4233-94D4-A7A396C506AB}.Debug|Any CPU.Build.0 = Debug|Any CPU
		{81EA2EBF-EA49-4233-94D4-A7A396C506AB}.Release|Any CPU.ActiveCfg = Release|Any CPU
		{81EA2EBF-EA49-4233-94D4-A7A396C506AB}.Release|Any CPU.Build.0 = Release|Any CPU
		{A36149B7-3811-451B-9097-74A66D255A5B}.Debug|Any CPU.ActiveCfg = Debug|Any CPU
		{A36149B7-3811-451B-9097-74A66D255A5B}.Debug|Any CPU.Build.0 = Debug|Any CPU
		{A36149B7-3811-451B-9097-74A66D255A5B}.Release|Any CPU.ActiveCfg = Release|Any CPU
		{A36149B7-3811-451B-9097-74A66D255A5B}.Release|Any CPU.Build.0 = Release|Any CPU
		{379BBDC5-AA8D-45CC-9495-406DA70AF95E}.Debug|Any CPU.ActiveCfg = Debug|Any CPU
		{379BBDC5-AA8D-45CC-9495-406DA70AF95E}.Debug|Any CPU.Build.0 = Debug|Any CPU
		{379BBDC5-AA8D-45CC-9495-406DA70AF95E}.Release|Any CPU.ActiveCfg = Release|Any CPU
		{379BBDC5-AA8D-45CC-9495-406DA70AF95E}.Release|Any CPU.Build.0 = Release|Any CPU
		{8753CA80-5FFC-4674-994E-EEE729305DE3}.Debug|Any CPU.ActiveCfg = Debug|Any CPU
		{8753CA80-5FFC-4674-994E-EEE729305DE3}.Debug|Any CPU.Build.0 = Debug|Any CPU
		{8753CA80-5FFC-4674-994E-EEE729305DE3}.Release|Any CPU.ActiveCfg = Release|Any CPU
		{8753CA80-5FFC-4674-994E-EEE729305DE3}.Release|Any CPU.Build.0 = Release|Any CPU
		{319CCA66-0D30-4266-A1DF-FDDC88611513}.Debug|Any CPU.ActiveCfg = Debug|Any CPU
		{319CCA66-0D30-4266-A1DF-FDDC88611513}.Debug|Any CPU.Build.0 = Debug|Any CPU
		{319CCA66-0D30-4266-A1DF-FDDC88611513}.Release|Any CPU.ActiveCfg = Release|Any CPU
		{319CCA66-0D30-4266-A1DF-FDDC88611513}.Release|Any CPU.Build.0 = Release|Any CPU
		{47A25A36-B957-4DD2-A64A-25EAE9B1C181}.Debug|Any CPU.ActiveCfg = Debug|Any CPU
		{47A25A36-B957-4DD2-A64A-25EAE9B1C181}.Debug|Any CPU.Build.0 = Debug|Any CPU
		{47A25A36-B957-4DD2-A64A-25EAE9B1C181}.Release|Any CPU.ActiveCfg = Release|Any CPU
		{47A25A36-B957-4DD2-A64A-25EAE9B1C181}.Release|Any CPU.Build.0 = Release|Any CPU
		{2CF175FE-A6FC-4ACC-9B4F-5EEFF5778AB5}.Debug|Any CPU.ActiveCfg = Debug|Any CPU
		{2CF175FE-A6FC-4ACC-9B4F-5EEFF5778AB5}.Debug|Any CPU.Build.0 = Debug|Any CPU
		{2CF175FE-A6FC-4ACC-9B4F-5EEFF5778AB5}.Release|Any CPU.ActiveCfg = Release|Any CPU
		{2CF175FE-A6FC-4ACC-9B4F-5EEFF5778AB5}.Release|Any CPU.Build.0 = Release|Any CPU
		{3735DD3C-518F-4C3C-9F54-83B14445D898}.Debug|Any CPU.ActiveCfg = Debug|Any CPU
		{3735DD3C-518F-4C3C-9F54-83B14445D898}.Debug|Any CPU.Build.0 = Debug|Any CPU
		{3735DD3C-518F-4C3C-9F54-83B14445D898}.Release|Any CPU.ActiveCfg = Release|Any CPU
		{3735DD3C-518F-4C3C-9F54-83B14445D898}.Release|Any CPU.Build.0 = Release|Any CPU
		{835BE3C4-21B2-4CEB-AB6C-791CE56CDB3E}.Debug|Any CPU.ActiveCfg = Debug|Any CPU
		{835BE3C4-21B2-4CEB-AB6C-791CE56CDB3E}.Debug|Any CPU.Build.0 = Debug|Any CPU
		{835BE3C4-21B2-4CEB-AB6C-791CE56CDB3E}.Release|Any CPU.ActiveCfg = Release|Any CPU
		{835BE3C4-21B2-4CEB-AB6C-791CE56CDB3E}.Release|Any CPU.Build.0 = Release|Any CPU
		{1CE6E6E7-1142-49BC-A6CA-82E42A99E798}.Debug|Any CPU.ActiveCfg = Debug|Any CPU
		{1CE6E6E7-1142-49BC-A6CA-82E42A99E798}.Debug|Any CPU.Build.0 = Debug|Any CPU
		{1CE6E6E7-1142-49BC-A6CA-82E42A99E798}.Release|Any CPU.ActiveCfg = Release|Any CPU
		{1CE6E6E7-1142-49BC-A6CA-82E42A99E798}.Release|Any CPU.Build.0 = Release|Any CPU
		{D74EA166-B39B-4E88-9D2C-413F9EC3860E}.Debug|Any CPU.ActiveCfg = Debug|Any CPU
		{D74EA166-B39B-4E88-9D2C-413F9EC3860E}.Debug|Any CPU.Build.0 = Debug|Any CPU
		{D74EA166-B39B-4E88-9D2C-413F9EC3860E}.Release|Any CPU.ActiveCfg = Release|Any CPU
		{D74EA166-B39B-4E88-9D2C-413F9EC3860E}.Release|Any CPU.Build.0 = Release|Any CPU
		{32765909-483E-42B1-AA73-05FC719540DF}.Debug|Any CPU.ActiveCfg = Debug|Any CPU
		{32765909-483E-42B1-AA73-05FC719540DF}.Debug|Any CPU.Build.0 = Debug|Any CPU
		{32765909-483E-42B1-AA73-05FC719540DF}.Release|Any CPU.ActiveCfg = Release|Any CPU
		{32765909-483E-42B1-AA73-05FC719540DF}.Release|Any CPU.Build.0 = Release|Any CPU
		{372493B4-36DF-49F9-893C-967E9A3326A8}.Debug|Any CPU.ActiveCfg = Debug|Any CPU
		{372493B4-36DF-49F9-893C-967E9A3326A8}.Debug|Any CPU.Build.0 = Debug|Any CPU
		{372493B4-36DF-49F9-893C-967E9A3326A8}.Release|Any CPU.ActiveCfg = Release|Any CPU
		{372493B4-36DF-49F9-893C-967E9A3326A8}.Release|Any CPU.Build.0 = Release|Any CPU
		{472A8D76-1CE3-430E-89FE-373D2F6B1031}.Debug|Any CPU.ActiveCfg = Debug|Any CPU
		{472A8D76-1CE3-430E-89FE-373D2F6B1031}.Debug|Any CPU.Build.0 = Debug|Any CPU
		{472A8D76-1CE3-430E-89FE-373D2F6B1031}.Release|Any CPU.ActiveCfg = Release|Any CPU
		{472A8D76-1CE3-430E-89FE-373D2F6B1031}.Release|Any CPU.Build.0 = Release|Any CPU
		{33BA60A4-84A1-4C35-BDD9-1AE81CCA9151}.Debug|Any CPU.ActiveCfg = Debug|Any CPU
		{33BA60A4-84A1-4C35-BDD9-1AE81CCA9151}.Debug|Any CPU.Build.0 = Debug|Any CPU
		{33BA60A4-84A1-4C35-BDD9-1AE81CCA9151}.Release|Any CPU.ActiveCfg = Release|Any CPU
		{33BA60A4-84A1-4C35-BDD9-1AE81CCA9151}.Release|Any CPU.Build.0 = Release|Any CPU
	EndGlobalSection
	GlobalSection(SolutionProperties) = preSolution
		HideSolutionNode = FALSE
	EndGlobalSection
EndGlobal
