
Microsoft Visual Studio Solution File, Format Version 12.00
# Visual Studio 2012
Project("{FAE04EC0-301F-11D3-BF4B-00C04F79EFBC}") = "CKM_Controls", "CKM_Controls\CKM_Controls.csproj", "{472A8D76-1CE3-430E-89FE-373D2F6B1031}"
EndProject
Global
	GlobalSection(SourceCodeControl) = preSolution
		SccNumberOfProjects = 2
		SccLocalPath0 = .
		SccProjectUniqueName1 = CKM_Controls\\CKM_Controls.csproj
		SccLocalPath1 = .
		SccProjectFilePathRelativizedFromConnection1 = CKM_Controls\\
	EndGlobalSection
	GlobalSection(SolutionConfigurationPlatforms) = preSolution
		Debug|Any CPU = Debug|Any CPU
		Release|Any CPU = Release|Any CPU
	EndGlobalSection
	GlobalSection(ProjectConfigurationPlatforms) = postSolution
		{472A8D76-1CE3-430E-89FE-373D2F6B1031}.Debug|Any CPU.ActiveCfg = Debug|Any CPU
		{472A8D76-1CE3-430E-89FE-373D2F6B1031}.Debug|Any CPU.Build.0 = Debug|Any CPU
		{472A8D76-1CE3-430E-89FE-373D2F6B1031}.Release|Any CPU.ActiveCfg = Release|Any CPU
		{472A8D76-1CE3-430E-89FE-373D2F6B1031}.Release|Any CPU.Build.0 = Release|Any CPU
	EndGlobalSection
	GlobalSection(SolutionProperties) = preSolution
		HideSolutionNode = FALSE
	EndGlobalSection
EndGlobal
